
Microsoft Visual Studio Solution File, Format Version 12.00
# Visual Studio Version 16
VisualStudioVersion = 16.0.31321.278
MinimumVisualStudioVersion = 10.0.40219.1
Project("{FAE04EC0-301F-11D3-BF4B-00C04F79EFBC}") = "DragDropBlazorServer", "DragDropBlazorServer\DragDropBlazorServer.csproj", "{D6C02AB0-2B0F-4612-A272-9CDBE7FEB126}"
EndProject
Global
	GlobalSection(SolutionConfigurationPlatforms) = preSolution
		Debug|Any CPU = Debug|Any CPU
		Release|Any CPU = Release|Any CPU
	EndGlobalSection
	GlobalSection(ProjectConfigurationPlatforms) = postSolution
		{D6C02AB0-2B0F-4612-A272-9CDBE7FEB126}.Debug|Any CPU.ActiveCfg = Debug|Any CPU
		{D6C02AB0-2B0F-4612-A272-9CDBE7FEB126}.Debug|Any CPU.Build.0 = Debug|Any CPU
		{D6C02AB0-2B0F-4612-A272-9CDBE7FEB126}.Release|Any CPU.ActiveCfg = Release|Any CPU
		{D6C02AB0-2B0F-4612-A272-9CDBE7FEB126}.Release|Any CPU.Build.0 = Release|Any CPU
	EndGlobalSection
	GlobalSection(SolutionProperties) = preSolution
		HideSolutionNode = FALSE
	EndGlobalSection
	GlobalSection(ExtensibilityGlobals) = postSolution
		SolutionGuid = {99D63107-10CE-4023-AD8C-9B737CB8CA06}
	EndGlobalSection
EndGlobal
